
Microsoft Visual Studio Solution File, Format Version 12.00
# Visual Studio Version 16
VisualStudioVersion = 16.0.31313.79
MinimumVisualStudioVersion = 10.0.40219.1
Project("{9A19103F-16F7-4668-BE54-9A1E7A4F7556}") = "ConsoleApp1", "ConsoleApp1\ConsoleApp1.csproj", "{7168DDFD-E509-49AA-AAD0-79E2D6F07E63}"
EndProject
Project("{9A19103F-16F7-4668-BE54-9A1E7A4F7556}") = "Insem1", "..\Insem1\Insem1.csproj", "{97725A6E-EF76-42F4-8660-FB1EFAEA6363}"
EndProject
Project("{9A19103F-16F7-4668-BE54-9A1E7A4F7556}") = "Insem2", "..\Insem2\Insem2.csproj", "{2914DC56-FD78-42B6-921A-71A78D3EF783}"
EndProject
Project("{FAE04EC0-301F-11D3-BF4B-00C04F79EFBC}") = "LINQ_Practice", "..\LINQ_Practice\LINQ_Practice.csproj", "{67345CB9-9B65-4C13-A46E-AF3A701907F5}"
EndProject
Project("{FAE04EC0-301F-11D3-BF4B-00C04F79EFBC}") = "Aysnc", "..\Aysnc\Aysnc.csproj", "{A4605D76-B938-43FE-A494-2F6E832A91B5}"
EndProject
Global
	GlobalSection(SolutionConfigurationPlatforms) = preSolution
		Debug|Any CPU = Debug|Any CPU
		Release|Any CPU = Release|Any CPU
	EndGlobalSection
	GlobalSection(ProjectConfigurationPlatforms) = postSolution
		{7168DDFD-E509-49AA-AAD0-79E2D6F07E63}.Debug|Any CPU.ActiveCfg = Debug|Any CPU
		{7168DDFD-E509-49AA-AAD0-79E2D6F07E63}.Debug|Any CPU.Build.0 = Debug|Any CPU
		{7168DDFD-E509-49AA-AAD0-79E2D6F07E63}.Release|Any CPU.ActiveCfg = Release|Any CPU
		{7168DDFD-E509-49AA-AAD0-79E2D6F07E63}.Release|Any CPU.Build.0 = Release|Any CPU
		{97725A6E-EF76-42F4-8660-FB1EFAEA6363}.Debug|Any CPU.ActiveCfg = Debug|Any CPU
		{97725A6E-EF76-42F4-8660-FB1EFAEA6363}.Debug|Any CPU.Build.0 = Debug|Any CPU
		{97725A6E-EF76-42F4-8660-FB1EFAEA6363}.Release|Any CPU.ActiveCfg = Release|Any CPU
		{97725A6E-EF76-42F4-8660-FB1EFAEA6363}.Release|Any CPU.Build.0 = Release|Any CPU
		{2914DC56-FD78-42B6-921A-71A78D3EF783}.Debug|Any CPU.ActiveCfg = Debug|Any CPU
		{2914DC56-FD78-42B6-921A-71A78D3EF783}.Debug|Any CPU.Build.0 = Debug|Any CPU
		{2914DC56-FD78-42B6-921A-71A78D3EF783}.Release|Any CPU.ActiveCfg = Release|Any CPU
		{2914DC56-FD78-42B6-921A-71A78D3EF783}.Release|Any CPU.Build.0 = Release|Any CPU
		{67345CB9-9B65-4C13-A46E-AF3A701907F5}.Debug|Any CPU.ActiveCfg = Debug|Any CPU
		{67345CB9-9B65-4C13-A46E-AF3A701907F5}.Debug|Any CPU.Build.0 = Debug|Any CPU
		{67345CB9-9B65-4C13-A46E-AF3A701907F5}.Release|Any CPU.ActiveCfg = Release|Any CPU
		{67345CB9-9B65-4C13-A46E-AF3A701907F5}.Release|Any CPU.Build.0 = Release|Any CPU
		{A4605D76-B938-43FE-A494-2F6E832A91B5}.Debug|Any CPU.ActiveCfg = Debug|Any CPU
		{A4605D76-B938-43FE-A494-2F6E832A91B5}.Debug|Any CPU.Build.0 = Debug|Any CPU
		{A4605D76-B938-43FE-A494-2F6E832A91B5}.Release|Any CPU.ActiveCfg = Release|Any CPU
		{A4605D76-B938-43FE-A494-2F6E832A91B5}.Release|Any CPU.Build.0 = Release|Any CPU
	EndGlobalSection
	GlobalSection(SolutionProperties) = preSolution
		HideSolutionNode = FALSE
	EndGlobalSection
	GlobalSection(ExtensibilityGlobals) = postSolution
		SolutionGuid = {822E9ABA-3CE5-4966-8371-7A4F7438F0E0}
	EndGlobalSection
EndGlobal
